
Microsoft Visual Studio Solution File, Format Version 12.00
# Visual Studio Version 17
VisualStudioVersion = 17.13.35825.156 d17.13
MinimumVisualStudioVersion = 10.0.40219.1
Project("{FAE04EC0-301F-11D3-BF4B-00C04F79EFBC}") = "PasswordReminder.UI", "PasswordReminder.UI\PasswordReminder.UI.csproj", "{CCE5035B-C445-4403-A7D3-DE65EFDE3517}"
EndProject
Project("{FAE04EC0-301F-11D3-BF4B-00C04F79EFBC}") = "PasswordReminder.Entities", "PasswordReminder.Entities\PasswordReminder.Entities.csproj", "{5392F523-4476-4D2D-8396-C7F103A237FB}"
EndProject
Project("{FAE04EC0-301F-11D3-BF4B-00C04F79EFBC}") = "PasswordReminder.DataAccess", "PasswordReminder.DataAccess\PasswordReminder.DataAccess.csproj", "{C14804DF-B35F-485D-8DA7-C80129A12418}"
EndProject
Project("{FAE04EC0-301F-11D3-BF4B-00C04F79EFBC}") = "PasswordReminder.Business", "PasswordReminder.Business\PasswordReminder.Business.csproj", "{9F3E9D9D-101B-404B-A0E8-371954C9A9FB}"
EndProject
Global
	GlobalSection(SolutionConfigurationPlatforms) = preSolution
		Debug|Any CPU = Debug|Any CPU
		Release|Any CPU = Release|Any CPU
	EndGlobalSection
	GlobalSection(ProjectConfigurationPlatforms) = postSolution
		{CCE5035B-C445-4403-A7D3-DE65EFDE3517}.Debug|Any CPU.ActiveCfg = Debug|Any CPU
		{CCE5035B-C445-4403-A7D3-DE65EFDE3517}.Debug|Any CPU.Build.0 = Debug|Any CPU
		{CCE5035B-C445-4403-A7D3-DE65EFDE3517}.Release|Any CPU.ActiveCfg = Release|Any CPU
		{CCE5035B-C445-4403-A7D3-DE65EFDE3517}.Release|Any CPU.Build.0 = Release|Any CPU
		{5392F523-4476-4D2D-8396-C7F103A237FB}.Debug|Any CPU.ActiveCfg = Debug|Any CPU
		{5392F523-4476-4D2D-8396-C7F103A237FB}.Debug|Any CPU.Build.0 = Debug|Any CPU
		{5392F523-4476-4D2D-8396-C7F103A237FB}.Release|Any CPU.ActiveCfg = Release|Any CPU
		{5392F523-4476-4D2D-8396-C7F103A237FB}.Release|Any CPU.Build.0 = Release|Any CPU
		{C14804DF-B35F-485D-8DA7-C80129A12418}.Debug|Any CPU.ActiveCfg = Debug|Any CPU
		{C14804DF-B35F-485D-8DA7-C80129A12418}.Debug|Any CPU.Build.0 = Debug|Any CPU
		{C14804DF-B35F-485D-8DA7-C80129A12418}.Release|Any CPU.ActiveCfg = Release|Any CPU
		{C14804DF-B35F-485D-8DA7-C80129A12418}.Release|Any CPU.Build.0 = Release|Any CPU
		{9F3E9D9D-101B-404B-A0E8-371954C9A9FB}.Debug|Any CPU.ActiveCfg = Debug|Any CPU
		{9F3E9D9D-101B-404B-A0E8-371954C9A9FB}.Debug|Any CPU.Build.0 = Debug|Any CPU
		{9F3E9D9D-101B-404B-A0E8-371954C9A9FB}.Release|Any CPU.ActiveCfg = Release|Any CPU
		{9F3E9D9D-101B-404B-A0E8-371954C9A9FB}.Release|Any CPU.Build.0 = Release|Any CPU
	EndGlobalSection
	GlobalSection(SolutionProperties) = preSolution
		HideSolutionNode = FALSE
	EndGlobalSection
	GlobalSection(ExtensibilityGlobals) = postSolution
		SolutionGuid = {A24B1BC7-FE8C-4950-9BA4-1616913F4EF7}
	EndGlobalSection
EndGlobal
